
Microsoft Visual Studio Solution File, Format Version 12.00
# Visual Studio Version 17
VisualStudioVersion = 17.0.31903.59
MinimumVisualStudioVersion = 10.0.40219.1
Project("{FAE04EC0-301F-11D3-BF4B-00C04F79EFBC}") = "DocumentValidation.FaceMatching", "DocumentValidation.FaceMatching\DocumentValidation.FaceMatching.csproj", "{902D30D6-F006-473F-B437-5603E13E3BED}"
EndProject
Project("{FAE04EC0-301F-11D3-BF4B-00C04F79EFBC}") = "DocumentValidation.FaceMatching.Tests", "DocumentValidation.FaceMatching.Tests\DocumentValidation.FaceMatching.Tests.csproj", "{6449EA6C-4A39-41E9-B1D1-A99E898E1336}"
EndProject
Project("{FAE04EC0-301F-11D3-BF4B-00C04F79EFBC}") = "DocumentValidation.Example", "DocumentValidation.Example\DocumentValidation.Example.csproj", "{C1C596F2-8DAE-4A0E-ABCF-451D7A8ED9F1}"
EndProject
Project("{FAE04EC0-301F-11D3-BF4B-00C04F79EFBC}") = "DocumentValidation.Web", "DocumentValidation.Web\DocumentValidation.Web.csproj", "{E987D178-1E2B-4E0B-B673-6F81950CEF84}"
EndProject
Global
	GlobalSection(SolutionConfigurationPlatforms) = preSolution
		Debug|Any CPU = Debug|Any CPU
		Debug|x64 = Debug|x64
		Debug|x86 = Debug|x86
		Release|Any CPU = Release|Any CPU
		Release|x64 = Release|x64
		Release|x86 = Release|x86
	EndGlobalSection
	GlobalSection(ProjectConfigurationPlatforms) = postSolution
		{902D30D6-F006-473F-B437-5603E13E3BED}.Debug|Any CPU.ActiveCfg = Debug|Any CPU
		{902D30D6-F006-473F-B437-5603E13E3BED}.Debug|Any CPU.Build.0 = Debug|Any CPU
		{902D30D6-F006-473F-B437-5603E13E3BED}.Debug|x64.ActiveCfg = Debug|Any CPU
		{902D30D6-F006-473F-B437-5603E13E3BED}.Debug|x64.Build.0 = Debug|Any CPU
		{902D30D6-F006-473F-B437-5603E13E3BED}.Debug|x86.ActiveCfg = Debug|Any CPU
		{902D30D6-F006-473F-B437-5603E13E3BED}.Debug|x86.Build.0 = Debug|Any CPU
		{902D30D6-F006-473F-B437-5603E13E3BED}.Release|Any CPU.ActiveCfg = Release|Any CPU
		{902D30D6-F006-473F-B437-5603E13E3BED}.Release|Any CPU.Build.0 = Release|Any CPU
		{902D30D6-F006-473F-B437-5603E13E3BED}.Release|x64.ActiveCfg = Release|Any CPU
		{902D30D6-F006-473F-B437-5603E13E3BED}.Release|x64.Build.0 = Release|Any CPU
		{902D30D6-F006-473F-B437-5603E13E3BED}.Release|x86.ActiveCfg = Release|Any CPU
		{902D30D6-F006-473F-B437-5603E13E3BED}.Release|x86.Build.0 = Release|Any CPU
		{6449EA6C-4A39-41E9-B1D1-A99E898E1336}.Debug|Any CPU.ActiveCfg = Debug|Any CPU
		{6449EA6C-4A39-41E9-B1D1-A99E898E1336}.Debug|Any CPU.Build.0 = Debug|Any CPU
		{6449EA6C-4A39-41E9-B1D1-A99E898E1336}.Debug|x64.ActiveCfg = Debug|Any CPU
		{6449EA6C-4A39-41E9-B1D1-A99E898E1336}.Debug|x64.Build.0 = Debug|Any CPU
		{6449EA6C-4A39-41E9-B1D1-A99E898E1336}.Debug|x86.ActiveCfg = Debug|Any CPU
		{6449EA6C-4A39-41E9-B1D1-A99E898E1336}.Debug|x86.Build.0 = Debug|Any CPU
		{6449EA6C-4A39-41E9-B1D1-A99E898E1336}.Release|Any CPU.ActiveCfg = Release|Any CPU
		{6449EA6C-4A39-41E9-B1D1-A99E898E1336}.Release|Any CPU.Build.0 = Release|Any CPU
		{6449EA6C-4A39-41E9-B1D1-A99E898E1336}.Release|x64.ActiveCfg = Release|Any CPU
		{6449EA6C-4A39-41E9-B1D1-A99E898E1336}.Release|x64.Build.0 = Release|Any CPU
		{6449EA6C-4A39-41E9-B1D1-A99E898E1336}.Release|x86.ActiveCfg = Release|Any CPU
		{6449EA6C-4A39-41E9-B1D1-A99E898E1336}.Release|x86.Build.0 = Release|Any CPU
		{C1C596F2-8DAE-4A0E-ABCF-451D7A8ED9F1}.Debug|Any CPU.ActiveCfg = Debug|Any CPU
		{C1C596F2-8DAE-4A0E-ABCF-451D7A8ED9F1}.Debug|Any CPU.Build.0 = Debug|Any CPU
		{C1C596F2-8DAE-4A0E-ABCF-451D7A8ED9F1}.Debug|x64.ActiveCfg = Debug|Any CPU
		{C1C596F2-8DAE-4A0E-ABCF-451D7A8ED9F1}.Debug|x64.Build.0 = Debug|Any CPU
		{C1C596F2-8DAE-4A0E-ABCF-451D7A8ED9F1}.Debug|x86.ActiveCfg = Debug|Any CPU
		{C1C596F2-8DAE-4A0E-ABCF-451D7A8ED9F1}.Debug|x86.Build.0 = Debug|Any CPU
		{C1C596F2-8DAE-4A0E-ABCF-451D7A8ED9F1}.Release|Any CPU.ActiveCfg = Release|Any CPU
		{C1C596F2-8DAE-4A0E-ABCF-451D7A8ED9F1}.Release|Any CPU.Build.0 = Release|Any CPU
		{C1C596F2-8DAE-4A0E-ABCF-451D7A8ED9F1}.Release|x64.ActiveCfg = Release|Any CPU
		{C1C596F2-8DAE-4A0E-ABCF-451D7A8ED9F1}.Release|x64.Build.0 = Release|Any CPU
		{C1C596F2-8DAE-4A0E-ABCF-451D7A8ED9F1}.Release|x86.ActiveCfg = Release|Any CPU
		{C1C596F2-8DAE-4A0E-ABCF-451D7A8ED9F1}.Release|x86.Build.0 = Release|Any CPU
		{E987D178-1E2B-4E0B-B673-6F81950CEF84}.Debug|Any CPU.ActiveCfg = Debug|Any CPU
		{E987D178-1E2B-4E0B-B673-6F81950CEF84}.Debug|Any CPU.Build.0 = Debug|Any CPU
		{E987D178-1E2B-4E0B-B673-6F81950CEF84}.Debug|x64.ActiveCfg = Debug|Any CPU
		{E987D178-1E2B-4E0B-B673-6F81950CEF84}.Debug|x64.Build.0 = Debug|Any CPU
		{E987D178-1E2B-4E0B-B673-6F81950CEF84}.Debug|x86.ActiveCfg = Debug|Any CPU
		{E987D178-1E2B-4E0B-B673-6F81950CEF84}.Debug|x86.Build.0 = Debug|Any CPU
		{E987D178-1E2B-4E0B-B673-6F81950CEF84}.Release|Any CPU.ActiveCfg = Release|Any CPU
		{E987D178-1E2B-4E0B-B673-6F81950CEF84}.Release|Any CPU.Build.0 = Release|Any CPU
		{E987D178-1E2B-4E0B-B673-6F81950CEF84}.Release|x64.ActiveCfg = Release|Any CPU
		{E987D178-1E2B-4E0B-B673-6F81950CEF84}.Release|x64.Build.0 = Release|Any CPU
		{E987D178-1E2B-4E0B-B673-6F81950CEF84}.Release|x86.ActiveCfg = Release|Any CPU
		{E987D178-1E2B-4E0B-B673-6F81950CEF84}.Release|x86.Build.0 = Release|Any CPU
	EndGlobalSection
	GlobalSection(SolutionProperties) = preSolution
		HideSolutionNode = FALSE
	EndGlobalSection
EndGlobal
